
Microsoft Visual Studio Solution File, Format Version 12.00
# Visual Studio 14
VisualStudioVersion = 14.0.24720.0
MinimumVisualStudioVersion = 10.0.40219.1
Project("{FAE04EC0-301F-11D3-BF4B-00C04F79EFBC}") = "ChatServerTester", "ChatServerTester\ChatServerTester.csproj", "{82B25929-55A4-4C27-9610-12A8D47D4C79}"
EndProject
Project("{FAE04EC0-301F-11D3-BF4B-00C04F79EFBC}") = "ChatServer1", "ChatServer1\ChatServer1.csproj", "{FF07FEF4-489A-4513-AD8D-3C030E3F631F}"
EndProject
Project("{FAE04EC0-301F-11D3-BF4B-00C04F79EFBC}") = "ChatServer2", "ChatServer2\ChatServer2.csproj", "{6F2A9C07-59FA-4A2E-AB6B-DFBB86E882AA}"
EndProject
Project("{2150E333-8FDC-42A3-9474-1A3956D46DE8}") = "Solution Items", "Solution Items", "{979FFDC6-4DED-47FC-BEB5-A009D5DDD1AF}"
	ProjectSection(SolutionItems) = preProject
		StringSocket.dll = StringSocket.dll
		StringSocket.XML = StringSocket.XML
	EndProjectSection
EndProject
Global
	GlobalSection(SolutionConfigurationPlatforms) = preSolution
		Debug|Any CPU = Debug|Any CPU
		Release|Any CPU = Release|Any CPU
	EndGlobalSection
	GlobalSection(ProjectConfigurationPlatforms) = postSolution
		{82B25929-55A4-4C27-9610-12A8D47D4C79}.Debug|Any CPU.ActiveCfg = Debug|Any CPU
		{82B25929-55A4-4C27-9610-12A8D47D4C79}.Debug|Any CPU.Build.0 = Debug|Any CPU
		{82B25929-55A4-4C27-9610-12A8D47D4C79}.Release|Any CPU.ActiveCfg = Release|Any CPU
		{82B25929-55A4-4C27-9610-12A8D47D4C79}.Release|Any CPU.Build.0 = Release|Any CPU
		{FF07FEF4-489A-4513-AD8D-3C030E3F631F}.Debug|Any CPU.ActiveCfg = Debug|Any CPU
		{FF07FEF4-489A-4513-AD8D-3C030E3F631F}.Debug|Any CPU.Build.0 = Debug|Any CPU
		{FF07FEF4-489A-4513-AD8D-3C030E3F631F}.Release|Any CPU.ActiveCfg = Release|Any CPU
		{FF07FEF4-489A-4513-AD8D-3C030E3F631F}.Release|Any CPU.Build.0 = Release|Any CPU
		{6F2A9C07-59FA-4A2E-AB6B-DFBB86E882AA}.Debug|Any CPU.ActiveCfg = Debug|Any CPU
		{6F2A9C07-59FA-4A2E-AB6B-DFBB86E882AA}.Debug|Any CPU.Build.0 = Debug|Any CPU
		{6F2A9C07-59FA-4A2E-AB6B-DFBB86E882AA}.Release|Any CPU.ActiveCfg = Release|Any CPU
		{6F2A9C07-59FA-4A2E-AB6B-DFBB86E882AA}.Release|Any CPU.Build.0 = Release|Any CPU
	EndGlobalSection
	GlobalSection(SolutionProperties) = preSolution
		HideSolutionNode = FALSE
	EndGlobalSection
EndGlobal
