
Microsoft Visual Studio Solution File, Format Version 11.00
# Visual Studio 2010
Project("{FAE04EC0-301F-11D3-BF4B-00C04F79EFBC}") = "Rectangle", "Rectangle\Rectangle.csproj", "{7B206E12-CAE2-449C-A0F6-75284FAAF3C3}"
EndProject
Project("{FAE04EC0-301F-11D3-BF4B-00C04F79EFBC}") = "Inheritance", "Inheritance\Inheritance.csproj", "{28EE424E-076C-4F90-9462-C5862FA331CB}"
EndProject
Global
	GlobalSection(SubversionScc) = preSolution
		Svn-Managed = True
		Manager = AnkhSVN - Subversion Support for Visual Studio
	EndGlobalSection
	GlobalSection(SolutionConfigurationPlatforms) = preSolution
		Debug|Any CPU = Debug|Any CPU
		Release|Any CPU = Release|Any CPU
	EndGlobalSection
	GlobalSection(ProjectConfigurationPlatforms) = postSolution
		{7B206E12-CAE2-449C-A0F6-75284FAAF3C3}.Debug|Any CPU.ActiveCfg = Debug|Any CPU
		{7B206E12-CAE2-449C-A0F6-75284FAAF3C3}.Debug|Any CPU.Build.0 = Debug|Any CPU
		{7B206E12-CAE2-449C-A0F6-75284FAAF3C3}.Release|Any CPU.ActiveCfg = Release|Any CPU
		{7B206E12-CAE2-449C-A0F6-75284FAAF3C3}.Release|Any CPU.Build.0 = Release|Any CPU
		{28EE424E-076C-4F90-9462-C5862FA331CB}.Debug|Any CPU.ActiveCfg = Debug|Any CPU
		{28EE424E-076C-4F90-9462-C5862FA331CB}.Debug|Any CPU.Build.0 = Debug|Any CPU
		{28EE424E-076C-4F90-9462-C5862FA331CB}.Release|Any CPU.ActiveCfg = Release|Any CPU
		{28EE424E-076C-4F90-9462-C5862FA331CB}.Release|Any CPU.Build.0 = Release|Any CPU
	EndGlobalSection
	GlobalSection(SolutionProperties) = preSolution
		HideSolutionNode = FALSE
	EndGlobalSection
EndGlobal
