
Microsoft Visual Studio Solution File, Format Version 11.00
# Visual Studio 2010
Project("{FAE04EC0-301F-11D3-BF4B-00C04F79EFBC}") = "Grep", "Grep\Grep.csproj", "{28D156E8-1579-4EEF-A6F9-3C2B095C2E0A}"
EndProject
Project("{FAE04EC0-301F-11D3-BF4B-00C04F79EFBC}") = "Hailstone", "Hailstone\Hailstone.csproj", "{83A3D07D-EBE5-4281-9906-035DBA29761C}"
EndProject
Project("{FAE04EC0-301F-11D3-BF4B-00C04F79EFBC}") = "Demo", "Demo\Demo.csproj", "{563F3731-11B1-4DFA-9F00-489BC84AA452}"
EndProject
Project("{FAE04EC0-301F-11D3-BF4B-00C04F79EFBC}") = "DelegateExamples", "DelegateExamples\DelegateExamples.csproj", "{E7EEA6CC-7DD9-432F-B7FE-05128FD09FE8}"
EndProject
Global
	GlobalSection(SolutionConfigurationPlatforms) = preSolution
		Debug|Any CPU = Debug|Any CPU
		Debug|Mixed Platforms = Debug|Mixed Platforms
		Debug|x86 = Debug|x86
		Release|Any CPU = Release|Any CPU
		Release|Mixed Platforms = Release|Mixed Platforms
		Release|x86 = Release|x86
	EndGlobalSection
	GlobalSection(ProjectConfigurationPlatforms) = postSolution
		{28D156E8-1579-4EEF-A6F9-3C2B095C2E0A}.Debug|Any CPU.ActiveCfg = Debug|x86
		{28D156E8-1579-4EEF-A6F9-3C2B095C2E0A}.Debug|Mixed Platforms.ActiveCfg = Debug|x86
		{28D156E8-1579-4EEF-A6F9-3C2B095C2E0A}.Debug|Mixed Platforms.Build.0 = Debug|x86
		{28D156E8-1579-4EEF-A6F9-3C2B095C2E0A}.Debug|x86.ActiveCfg = Debug|x86
		{28D156E8-1579-4EEF-A6F9-3C2B095C2E0A}.Debug|x86.Build.0 = Debug|x86
		{28D156E8-1579-4EEF-A6F9-3C2B095C2E0A}.Release|Any CPU.ActiveCfg = Release|x86
		{28D156E8-1579-4EEF-A6F9-3C2B095C2E0A}.Release|Mixed Platforms.ActiveCfg = Release|x86
		{28D156E8-1579-4EEF-A6F9-3C2B095C2E0A}.Release|Mixed Platforms.Build.0 = Release|x86
		{28D156E8-1579-4EEF-A6F9-3C2B095C2E0A}.Release|x86.ActiveCfg = Release|x86
		{28D156E8-1579-4EEF-A6F9-3C2B095C2E0A}.Release|x86.Build.0 = Release|x86
		{83A3D07D-EBE5-4281-9906-035DBA29761C}.Debug|Any CPU.ActiveCfg = Debug|Any CPU
		{83A3D07D-EBE5-4281-9906-035DBA29761C}.Debug|Any CPU.Build.0 = Debug|Any CPU
		{83A3D07D-EBE5-4281-9906-035DBA29761C}.Debug|Mixed Platforms.ActiveCfg = Debug|Any CPU
		{83A3D07D-EBE5-4281-9906-035DBA29761C}.Debug|Mixed Platforms.Build.0 = Debug|Any CPU
		{83A3D07D-EBE5-4281-9906-035DBA29761C}.Debug|x86.ActiveCfg = Debug|Any CPU
		{83A3D07D-EBE5-4281-9906-035DBA29761C}.Release|Any CPU.ActiveCfg = Release|Any CPU
		{83A3D07D-EBE5-4281-9906-035DBA29761C}.Release|Any CPU.Build.0 = Release|Any CPU
		{83A3D07D-EBE5-4281-9906-035DBA29761C}.Release|Mixed Platforms.ActiveCfg = Release|Any CPU
		{83A3D07D-EBE5-4281-9906-035DBA29761C}.Release|Mixed Platforms.Build.0 = Release|Any CPU
		{83A3D07D-EBE5-4281-9906-035DBA29761C}.Release|x86.ActiveCfg = Release|Any CPU
		{563F3731-11B1-4DFA-9F00-489BC84AA452}.Debug|Any CPU.ActiveCfg = Debug|x86
		{563F3731-11B1-4DFA-9F00-489BC84AA452}.Debug|Mixed Platforms.ActiveCfg = Debug|x86
		{563F3731-11B1-4DFA-9F00-489BC84AA452}.Debug|Mixed Platforms.Build.0 = Debug|x86
		{563F3731-11B1-4DFA-9F00-489BC84AA452}.Debug|x86.ActiveCfg = Debug|x86
		{563F3731-11B1-4DFA-9F00-489BC84AA452}.Debug|x86.Build.0 = Debug|x86
		{563F3731-11B1-4DFA-9F00-489BC84AA452}.Release|Any CPU.ActiveCfg = Release|x86
		{563F3731-11B1-4DFA-9F00-489BC84AA452}.Release|Mixed Platforms.ActiveCfg = Release|x86
		{563F3731-11B1-4DFA-9F00-489BC84AA452}.Release|Mixed Platforms.Build.0 = Release|x86
		{563F3731-11B1-4DFA-9F00-489BC84AA452}.Release|x86.ActiveCfg = Release|x86
		{563F3731-11B1-4DFA-9F00-489BC84AA452}.Release|x86.Build.0 = Release|x86
		{E7EEA6CC-7DD9-432F-B7FE-05128FD09FE8}.Debug|Any CPU.ActiveCfg = Debug|x86
		{E7EEA6CC-7DD9-432F-B7FE-05128FD09FE8}.Debug|Mixed Platforms.ActiveCfg = Debug|x86
		{E7EEA6CC-7DD9-432F-B7FE-05128FD09FE8}.Debug|Mixed Platforms.Build.0 = Debug|x86
		{E7EEA6CC-7DD9-432F-B7FE-05128FD09FE8}.Debug|x86.ActiveCfg = Debug|x86
		{E7EEA6CC-7DD9-432F-B7FE-05128FD09FE8}.Debug|x86.Build.0 = Debug|x86
		{E7EEA6CC-7DD9-432F-B7FE-05128FD09FE8}.Release|Any CPU.ActiveCfg = Release|x86
		{E7EEA6CC-7DD9-432F-B7FE-05128FD09FE8}.Release|Mixed Platforms.ActiveCfg = Release|x86
		{E7EEA6CC-7DD9-432F-B7FE-05128FD09FE8}.Release|Mixed Platforms.Build.0 = Release|x86
		{E7EEA6CC-7DD9-432F-B7FE-05128FD09FE8}.Release|x86.ActiveCfg = Release|x86
		{E7EEA6CC-7DD9-432F-B7FE-05128FD09FE8}.Release|x86.Build.0 = Release|x86
	EndGlobalSection
	GlobalSection(SolutionProperties) = preSolution
		HideSolutionNode = FALSE
	EndGlobalSection
EndGlobal
