
Microsoft Visual Studio Solution File, Format Version 12.00
# Visual Studio 14
VisualStudioVersion = 14.0.24720.0
MinimumVisualStudioVersion = 10.0.40219.1
Project("{FAE04EC0-301F-11D3-BF4B-00C04F79EFBC}") = "Structs", "Structs\Structs.csproj", "{5D6A93BC-7D62-4F40-9694-3DE58D814E4F}"
EndProject
Project("{FAE04EC0-301F-11D3-BF4B-00C04F79EFBC}") = "Rat", "Rat\Rat.csproj", "{8EEAB5B0-F5B2-4FB1-9BDC-3D645629793A}"
EndProject
Project("{2150E333-8FDC-42A3-9474-1A3956D46DE8}") = "Solution Items", "Solution Items", "{800A6F91-A3FD-4E95-A707-36ECBEBAAE0A}"
	ProjectSection(SolutionItems) = preProject
		Classes.vsmdi = Classes.vsmdi
		Local.testsettings = Local.testsettings
		TraceAndTestImpact.testsettings = TraceAndTestImpact.testsettings
	EndProjectSection
EndProject
Project("{FAE04EC0-301F-11D3-BF4B-00C04F79EFBC}") = "RatTests", "RatTests\RatTests.csproj", "{BD3E75AD-465D-483E-AFAB-AF151067E09C}"
EndProject
Project("{FAE04EC0-301F-11D3-BF4B-00C04F79EFBC}") = "Extensions", "Extensions\Extensions.csproj", "{91C94B4E-13EE-4829-9089-5E3CED4C12FA}"
EndProject
Project("{FAE04EC0-301F-11D3-BF4B-00C04F79EFBC}") = "RatAsStruct", "RatAsStruct\RatAsStruct.csproj", "{7A61A4AC-23B6-4B05-A631-3BD41C4031E6}"
EndProject
Global
	GlobalSection(SolutionConfigurationPlatforms) = preSolution
		Debug|Any CPU = Debug|Any CPU
		Debug|Mixed Platforms = Debug|Mixed Platforms
		Debug|x86 = Debug|x86
		Release|Any CPU = Release|Any CPU
		Release|Mixed Platforms = Release|Mixed Platforms
		Release|x86 = Release|x86
	EndGlobalSection
	GlobalSection(ProjectConfigurationPlatforms) = postSolution
		{5D6A93BC-7D62-4F40-9694-3DE58D814E4F}.Debug|Any CPU.ActiveCfg = Debug|Any CPU
		{5D6A93BC-7D62-4F40-9694-3DE58D814E4F}.Debug|Any CPU.Build.0 = Debug|Any CPU
		{5D6A93BC-7D62-4F40-9694-3DE58D814E4F}.Debug|Mixed Platforms.ActiveCfg = Debug|x86
		{5D6A93BC-7D62-4F40-9694-3DE58D814E4F}.Debug|Mixed Platforms.Build.0 = Debug|x86
		{5D6A93BC-7D62-4F40-9694-3DE58D814E4F}.Debug|x86.ActiveCfg = Debug|x86
		{5D6A93BC-7D62-4F40-9694-3DE58D814E4F}.Debug|x86.Build.0 = Debug|x86
		{5D6A93BC-7D62-4F40-9694-3DE58D814E4F}.Release|Any CPU.ActiveCfg = Release|Any CPU
		{5D6A93BC-7D62-4F40-9694-3DE58D814E4F}.Release|Any CPU.Build.0 = Release|Any CPU
		{5D6A93BC-7D62-4F40-9694-3DE58D814E4F}.Release|Mixed Platforms.ActiveCfg = Release|x86
		{5D6A93BC-7D62-4F40-9694-3DE58D814E4F}.Release|Mixed Platforms.Build.0 = Release|x86
		{5D6A93BC-7D62-4F40-9694-3DE58D814E4F}.Release|x86.ActiveCfg = Release|x86
		{5D6A93BC-7D62-4F40-9694-3DE58D814E4F}.Release|x86.Build.0 = Release|x86
		{8EEAB5B0-F5B2-4FB1-9BDC-3D645629793A}.Debug|Any CPU.ActiveCfg = Debug|Any CPU
		{8EEAB5B0-F5B2-4FB1-9BDC-3D645629793A}.Debug|Any CPU.Build.0 = Debug|Any CPU
		{8EEAB5B0-F5B2-4FB1-9BDC-3D645629793A}.Debug|Mixed Platforms.ActiveCfg = Debug|x86
		{8EEAB5B0-F5B2-4FB1-9BDC-3D645629793A}.Debug|Mixed Platforms.Build.0 = Debug|x86
		{8EEAB5B0-F5B2-4FB1-9BDC-3D645629793A}.Debug|x86.ActiveCfg = Debug|x86
		{8EEAB5B0-F5B2-4FB1-9BDC-3D645629793A}.Debug|x86.Build.0 = Debug|x86
		{8EEAB5B0-F5B2-4FB1-9BDC-3D645629793A}.Release|Any CPU.ActiveCfg = Release|Any CPU
		{8EEAB5B0-F5B2-4FB1-9BDC-3D645629793A}.Release|Any CPU.Build.0 = Release|Any CPU
		{8EEAB5B0-F5B2-4FB1-9BDC-3D645629793A}.Release|Mixed Platforms.ActiveCfg = Release|x86
		{8EEAB5B0-F5B2-4FB1-9BDC-3D645629793A}.Release|Mixed Platforms.Build.0 = Release|x86
		{8EEAB5B0-F5B2-4FB1-9BDC-3D645629793A}.Release|x86.ActiveCfg = Release|x86
		{8EEAB5B0-F5B2-4FB1-9BDC-3D645629793A}.Release|x86.Build.0 = Release|x86
		{BD3E75AD-465D-483E-AFAB-AF151067E09C}.Debug|Any CPU.ActiveCfg = Debug|Any CPU
		{BD3E75AD-465D-483E-AFAB-AF151067E09C}.Debug|Any CPU.Build.0 = Debug|Any CPU
		{BD3E75AD-465D-483E-AFAB-AF151067E09C}.Debug|Mixed Platforms.ActiveCfg = Debug|Any CPU
		{BD3E75AD-465D-483E-AFAB-AF151067E09C}.Debug|Mixed Platforms.Build.0 = Debug|Any CPU
		{BD3E75AD-465D-483E-AFAB-AF151067E09C}.Debug|x86.ActiveCfg = Debug|Any CPU
		{BD3E75AD-465D-483E-AFAB-AF151067E09C}.Release|Any CPU.ActiveCfg = Release|Any CPU
		{BD3E75AD-465D-483E-AFAB-AF151067E09C}.Release|Any CPU.Build.0 = Release|Any CPU
		{BD3E75AD-465D-483E-AFAB-AF151067E09C}.Release|Mixed Platforms.ActiveCfg = Release|Any CPU
		{BD3E75AD-465D-483E-AFAB-AF151067E09C}.Release|Mixed Platforms.Build.0 = Release|Any CPU
		{BD3E75AD-465D-483E-AFAB-AF151067E09C}.Release|x86.ActiveCfg = Release|Any CPU
		{91C94B4E-13EE-4829-9089-5E3CED4C12FA}.Debug|Any CPU.ActiveCfg = Debug|Any CPU
		{91C94B4E-13EE-4829-9089-5E3CED4C12FA}.Debug|Any CPU.Build.0 = Debug|Any CPU
		{91C94B4E-13EE-4829-9089-5E3CED4C12FA}.Debug|Mixed Platforms.ActiveCfg = Debug|Any CPU
		{91C94B4E-13EE-4829-9089-5E3CED4C12FA}.Debug|Mixed Platforms.Build.0 = Debug|Any CPU
		{91C94B4E-13EE-4829-9089-5E3CED4C12FA}.Debug|x86.ActiveCfg = Debug|Any CPU
		{91C94B4E-13EE-4829-9089-5E3CED4C12FA}.Debug|x86.Build.0 = Debug|Any CPU
		{91C94B4E-13EE-4829-9089-5E3CED4C12FA}.Release|Any CPU.ActiveCfg = Release|Any CPU
		{91C94B4E-13EE-4829-9089-5E3CED4C12FA}.Release|Any CPU.Build.0 = Release|Any CPU
		{91C94B4E-13EE-4829-9089-5E3CED4C12FA}.Release|Mixed Platforms.ActiveCfg = Release|Any CPU
		{91C94B4E-13EE-4829-9089-5E3CED4C12FA}.Release|Mixed Platforms.Build.0 = Release|Any CPU
		{91C94B4E-13EE-4829-9089-5E3CED4C12FA}.Release|x86.ActiveCfg = Release|Any CPU
		{91C94B4E-13EE-4829-9089-5E3CED4C12FA}.Release|x86.Build.0 = Release|Any CPU
		{7A61A4AC-23B6-4B05-A631-3BD41C4031E6}.Debug|Any CPU.ActiveCfg = Debug|Any CPU
		{7A61A4AC-23B6-4B05-A631-3BD41C4031E6}.Debug|Any CPU.Build.0 = Debug|Any CPU
		{7A61A4AC-23B6-4B05-A631-3BD41C4031E6}.Debug|Mixed Platforms.ActiveCfg = Debug|Any CPU
		{7A61A4AC-23B6-4B05-A631-3BD41C4031E6}.Debug|Mixed Platforms.Build.0 = Debug|Any CPU
		{7A61A4AC-23B6-4B05-A631-3BD41C4031E6}.Debug|x86.ActiveCfg = Debug|Any CPU
		{7A61A4AC-23B6-4B05-A631-3BD41C4031E6}.Debug|x86.Build.0 = Debug|Any CPU
		{7A61A4AC-23B6-4B05-A631-3BD41C4031E6}.Release|Any CPU.ActiveCfg = Release|Any CPU
		{7A61A4AC-23B6-4B05-A631-3BD41C4031E6}.Release|Any CPU.Build.0 = Release|Any CPU
		{7A61A4AC-23B6-4B05-A631-3BD41C4031E6}.Release|Mixed Platforms.ActiveCfg = Release|Any CPU
		{7A61A4AC-23B6-4B05-A631-3BD41C4031E6}.Release|Mixed Platforms.Build.0 = Release|Any CPU
		{7A61A4AC-23B6-4B05-A631-3BD41C4031E6}.Release|x86.ActiveCfg = Release|Any CPU
		{7A61A4AC-23B6-4B05-A631-3BD41C4031E6}.Release|x86.Build.0 = Release|Any CPU
	EndGlobalSection
	GlobalSection(SolutionProperties) = preSolution
		HideSolutionNode = FALSE
	EndGlobalSection
	GlobalSection(SubversionScc) = preSolution
		Svn-Managed = True
		Manager = AnkhSVN - Subversion Support for Visual Studio
	EndGlobalSection
	GlobalSection(TestCaseManagementSettings) = postSolution
		CategoryFile = Classes.vsmdi
	EndGlobalSection
EndGlobal
