
Microsoft Visual Studio Solution File, Format Version 12.00
# Visual Studio 2013
VisualStudioVersion = 12.0.31101.0
MinimumVisualStudioVersion = 10.0.40219.1
Project("{FAE04EC0-301F-11D3-BF4B-00C04F79EFBC}") = "Extensions", "Extensions\Extensions.csproj", "{A476F0A7-61B4-4067-8C7B-B51DD2626FBA}"
EndProject
Project("{FAE04EC0-301F-11D3-BF4B-00C04F79EFBC}") = "Parameters", "Parameters\Parameters.csproj", "{993F5F0F-EAA4-4A86-A16B-551B10281633}"
EndProject
Project("{FAE04EC0-301F-11D3-BF4B-00C04F79EFBC}") = "Properties", "Properties\Properties.csproj", "{6D642279-8A34-43BC-9591-432D08868AD8}"
EndProject
Project("{FAE04EC0-301F-11D3-BF4B-00C04F79EFBC}") = "Structs", "Structs\Structs.csproj", "{5D6A93BC-7D62-4F40-9694-3DE58D814E4F}"
EndProject
Project("{FAE04EC0-301F-11D3-BF4B-00C04F79EFBC}") = "Rat", "Rat\Rat.csproj", "{8EEAB5B0-F5B2-4FB1-9BDC-3D645629793A}"
EndProject
Project("{FAE04EC0-301F-11D3-BF4B-00C04F79EFBC}") = "Delegates", "Delegates\Delegates.csproj", "{338E7A91-AF1F-4E5D-ADA1-B549FCAFD29A}"
EndProject
Project("{2150E333-8FDC-42A3-9474-1A3956D46DE8}") = "Solution Items", "Solution Items", "{800A6F91-A3FD-4E95-A707-36ECBEBAAE0A}"
	ProjectSection(SolutionItems) = preProject
		Classes.vsmdi = Classes.vsmdi
		Local.testsettings = Local.testsettings
		TraceAndTestImpact.testsettings = TraceAndTestImpact.testsettings
	EndProjectSection
EndProject
Project("{FAE04EC0-301F-11D3-BF4B-00C04F79EFBC}") = "RatTests", "RatTests\RatTests.csproj", "{BD3E75AD-465D-483E-AFAB-AF151067E09C}"
EndProject
Project("{FAE04EC0-301F-11D3-BF4B-00C04F79EFBC}") = "Rat2", "Rat2\Rat2.csproj", "{CDF62A66-3AC3-4561-A8D8-2B35821D3742}"
EndProject
Project("{FAE04EC0-301F-11D3-BF4B-00C04F79EFBC}") = "Rat4", "Rat4\Rat4.csproj", "{514F58C1-9F3D-4ED1-8355-2AC1A157CBA5}"
EndProject
Global
	GlobalSection(SubversionScc) = preSolution
		Svn-Managed = True
		Manager = AnkhSVN - Subversion Support for Visual Studio
	EndGlobalSection
	GlobalSection(SolutionConfigurationPlatforms) = preSolution
		Debug|Any CPU = Debug|Any CPU
		Debug|Mixed Platforms = Debug|Mixed Platforms
		Debug|x86 = Debug|x86
		Release|Any CPU = Release|Any CPU
		Release|Mixed Platforms = Release|Mixed Platforms
		Release|x86 = Release|x86
	EndGlobalSection
	GlobalSection(ProjectConfigurationPlatforms) = postSolution
		{A476F0A7-61B4-4067-8C7B-B51DD2626FBA}.Debug|Any CPU.ActiveCfg = Debug|Any CPU
		{A476F0A7-61B4-4067-8C7B-B51DD2626FBA}.Debug|Any CPU.Build.0 = Debug|Any CPU
		{A476F0A7-61B4-4067-8C7B-B51DD2626FBA}.Debug|Mixed Platforms.ActiveCfg = Debug|x86
		{A476F0A7-61B4-4067-8C7B-B51DD2626FBA}.Debug|Mixed Platforms.Build.0 = Debug|x86
		{A476F0A7-61B4-4067-8C7B-B51DD2626FBA}.Debug|x86.ActiveCfg = Debug|x86
		{A476F0A7-61B4-4067-8C7B-B51DD2626FBA}.Debug|x86.Build.0 = Debug|x86
		{A476F0A7-61B4-4067-8C7B-B51DD2626FBA}.Release|Any CPU.ActiveCfg = Release|Any CPU
		{A476F0A7-61B4-4067-8C7B-B51DD2626FBA}.Release|Any CPU.Build.0 = Release|Any CPU
		{A476F0A7-61B4-4067-8C7B-B51DD2626FBA}.Release|Mixed Platforms.ActiveCfg = Release|x86
		{A476F0A7-61B4-4067-8C7B-B51DD2626FBA}.Release|Mixed Platforms.Build.0 = Release|x86
		{A476F0A7-61B4-4067-8C7B-B51DD2626FBA}.Release|x86.ActiveCfg = Release|x86
		{A476F0A7-61B4-4067-8C7B-B51DD2626FBA}.Release|x86.Build.0 = Release|x86
		{993F5F0F-EAA4-4A86-A16B-551B10281633}.Debug|Any CPU.ActiveCfg = Debug|Any CPU
		{993F5F0F-EAA4-4A86-A16B-551B10281633}.Debug|Any CPU.Build.0 = Debug|Any CPU
		{993F5F0F-EAA4-4A86-A16B-551B10281633}.Debug|Mixed Platforms.ActiveCfg = Debug|x86
		{993F5F0F-EAA4-4A86-A16B-551B10281633}.Debug|Mixed Platforms.Build.0 = Debug|x86
		{993F5F0F-EAA4-4A86-A16B-551B10281633}.Debug|x86.ActiveCfg = Debug|x86
		{993F5F0F-EAA4-4A86-A16B-551B10281633}.Debug|x86.Build.0 = Debug|x86
		{993F5F0F-EAA4-4A86-A16B-551B10281633}.Release|Any CPU.ActiveCfg = Release|Any CPU
		{993F5F0F-EAA4-4A86-A16B-551B10281633}.Release|Any CPU.Build.0 = Release|Any CPU
		{993F5F0F-EAA4-4A86-A16B-551B10281633}.Release|Mixed Platforms.ActiveCfg = Release|x86
		{993F5F0F-EAA4-4A86-A16B-551B10281633}.Release|Mixed Platforms.Build.0 = Release|x86
		{993F5F0F-EAA4-4A86-A16B-551B10281633}.Release|x86.ActiveCfg = Release|x86
		{993F5F0F-EAA4-4A86-A16B-551B10281633}.Release|x86.Build.0 = Release|x86
		{6D642279-8A34-43BC-9591-432D08868AD8}.Debug|Any CPU.ActiveCfg = Debug|Any CPU
		{6D642279-8A34-43BC-9591-432D08868AD8}.Debug|Any CPU.Build.0 = Debug|Any CPU
		{6D642279-8A34-43BC-9591-432D08868AD8}.Debug|Mixed Platforms.ActiveCfg = Debug|x86
		{6D642279-8A34-43BC-9591-432D08868AD8}.Debug|Mixed Platforms.Build.0 = Debug|x86
		{6D642279-8A34-43BC-9591-432D08868AD8}.Debug|x86.ActiveCfg = Debug|x86
		{6D642279-8A34-43BC-9591-432D08868AD8}.Debug|x86.Build.0 = Debug|x86
		{6D642279-8A34-43BC-9591-432D08868AD8}.Release|Any CPU.ActiveCfg = Release|Any CPU
		{6D642279-8A34-43BC-9591-432D08868AD8}.Release|Any CPU.Build.0 = Release|Any CPU
		{6D642279-8A34-43BC-9591-432D08868AD8}.Release|Mixed Platforms.ActiveCfg = Release|x86
		{6D642279-8A34-43BC-9591-432D08868AD8}.Release|Mixed Platforms.Build.0 = Release|x86
		{6D642279-8A34-43BC-9591-432D08868AD8}.Release|x86.ActiveCfg = Release|x86
		{6D642279-8A34-43BC-9591-432D08868AD8}.Release|x86.Build.0 = Release|x86
		{5D6A93BC-7D62-4F40-9694-3DE58D814E4F}.Debug|Any CPU.ActiveCfg = Debug|Any CPU
		{5D6A93BC-7D62-4F40-9694-3DE58D814E4F}.Debug|Any CPU.Build.0 = Debug|Any CPU
		{5D6A93BC-7D62-4F40-9694-3DE58D814E4F}.Debug|Mixed Platforms.ActiveCfg = Debug|x86
		{5D6A93BC-7D62-4F40-9694-3DE58D814E4F}.Debug|Mixed Platforms.Build.0 = Debug|x86
		{5D6A93BC-7D62-4F40-9694-3DE58D814E4F}.Debug|x86.ActiveCfg = Debug|x86
		{5D6A93BC-7D62-4F40-9694-3DE58D814E4F}.Debug|x86.Build.0 = Debug|x86
		{5D6A93BC-7D62-4F40-9694-3DE58D814E4F}.Release|Any CPU.ActiveCfg = Release|Any CPU
		{5D6A93BC-7D62-4F40-9694-3DE58D814E4F}.Release|Any CPU.Build.0 = Release|Any CPU
		{5D6A93BC-7D62-4F40-9694-3DE58D814E4F}.Release|Mixed Platforms.ActiveCfg = Release|x86
		{5D6A93BC-7D62-4F40-9694-3DE58D814E4F}.Release|Mixed Platforms.Build.0 = Release|x86
		{5D6A93BC-7D62-4F40-9694-3DE58D814E4F}.Release|x86.ActiveCfg = Release|x86
		{5D6A93BC-7D62-4F40-9694-3DE58D814E4F}.Release|x86.Build.0 = Release|x86
		{8EEAB5B0-F5B2-4FB1-9BDC-3D645629793A}.Debug|Any CPU.ActiveCfg = Debug|Any CPU
		{8EEAB5B0-F5B2-4FB1-9BDC-3D645629793A}.Debug|Any CPU.Build.0 = Debug|Any CPU
		{8EEAB5B0-F5B2-4FB1-9BDC-3D645629793A}.Debug|Mixed Platforms.ActiveCfg = Debug|x86
		{8EEAB5B0-F5B2-4FB1-9BDC-3D645629793A}.Debug|Mixed Platforms.Build.0 = Debug|x86
		{8EEAB5B0-F5B2-4FB1-9BDC-3D645629793A}.Debug|x86.ActiveCfg = Debug|x86
		{8EEAB5B0-F5B2-4FB1-9BDC-3D645629793A}.Debug|x86.Build.0 = Debug|x86
		{8EEAB5B0-F5B2-4FB1-9BDC-3D645629793A}.Release|Any CPU.ActiveCfg = Release|Any CPU
		{8EEAB5B0-F5B2-4FB1-9BDC-3D645629793A}.Release|Any CPU.Build.0 = Release|Any CPU
		{8EEAB5B0-F5B2-4FB1-9BDC-3D645629793A}.Release|Mixed Platforms.ActiveCfg = Release|x86
		{8EEAB5B0-F5B2-4FB1-9BDC-3D645629793A}.Release|Mixed Platforms.Build.0 = Release|x86
		{8EEAB5B0-F5B2-4FB1-9BDC-3D645629793A}.Release|x86.ActiveCfg = Release|x86
		{8EEAB5B0-F5B2-4FB1-9BDC-3D645629793A}.Release|x86.Build.0 = Release|x86
		{338E7A91-AF1F-4E5D-ADA1-B549FCAFD29A}.Debug|Any CPU.ActiveCfg = Debug|Any CPU
		{338E7A91-AF1F-4E5D-ADA1-B549FCAFD29A}.Debug|Any CPU.Build.0 = Debug|Any CPU
		{338E7A91-AF1F-4E5D-ADA1-B549FCAFD29A}.Debug|Mixed Platforms.ActiveCfg = Debug|x86
		{338E7A91-AF1F-4E5D-ADA1-B549FCAFD29A}.Debug|Mixed Platforms.Build.0 = Debug|x86
		{338E7A91-AF1F-4E5D-ADA1-B549FCAFD29A}.Debug|x86.ActiveCfg = Debug|x86
		{338E7A91-AF1F-4E5D-ADA1-B549FCAFD29A}.Debug|x86.Build.0 = Debug|x86
		{338E7A91-AF1F-4E5D-ADA1-B549FCAFD29A}.Release|Any CPU.ActiveCfg = Release|Any CPU
		{338E7A91-AF1F-4E5D-ADA1-B549FCAFD29A}.Release|Any CPU.Build.0 = Release|Any CPU
		{338E7A91-AF1F-4E5D-ADA1-B549FCAFD29A}.Release|Mixed Platforms.ActiveCfg = Release|x86
		{338E7A91-AF1F-4E5D-ADA1-B549FCAFD29A}.Release|Mixed Platforms.Build.0 = Release|x86
		{338E7A91-AF1F-4E5D-ADA1-B549FCAFD29A}.Release|x86.ActiveCfg = Release|x86
		{338E7A91-AF1F-4E5D-ADA1-B549FCAFD29A}.Release|x86.Build.0 = Release|x86
		{BD3E75AD-465D-483E-AFAB-AF151067E09C}.Debug|Any CPU.ActiveCfg = Debug|Any CPU
		{BD3E75AD-465D-483E-AFAB-AF151067E09C}.Debug|Any CPU.Build.0 = Debug|Any CPU
		{BD3E75AD-465D-483E-AFAB-AF151067E09C}.Debug|Mixed Platforms.ActiveCfg = Debug|Any CPU
		{BD3E75AD-465D-483E-AFAB-AF151067E09C}.Debug|Mixed Platforms.Build.0 = Debug|Any CPU
		{BD3E75AD-465D-483E-AFAB-AF151067E09C}.Debug|x86.ActiveCfg = Debug|Any CPU
		{BD3E75AD-465D-483E-AFAB-AF151067E09C}.Release|Any CPU.ActiveCfg = Release|Any CPU
		{BD3E75AD-465D-483E-AFAB-AF151067E09C}.Release|Any CPU.Build.0 = Release|Any CPU
		{BD3E75AD-465D-483E-AFAB-AF151067E09C}.Release|Mixed Platforms.ActiveCfg = Release|Any CPU
		{BD3E75AD-465D-483E-AFAB-AF151067E09C}.Release|Mixed Platforms.Build.0 = Release|Any CPU
		{BD3E75AD-465D-483E-AFAB-AF151067E09C}.Release|x86.ActiveCfg = Release|Any CPU
		{CDF62A66-3AC3-4561-A8D8-2B35821D3742}.Debug|Any CPU.ActiveCfg = Debug|Any CPU
		{CDF62A66-3AC3-4561-A8D8-2B35821D3742}.Debug|Any CPU.Build.0 = Debug|Any CPU
		{CDF62A66-3AC3-4561-A8D8-2B35821D3742}.Debug|Mixed Platforms.ActiveCfg = Debug|Any CPU
		{CDF62A66-3AC3-4561-A8D8-2B35821D3742}.Debug|Mixed Platforms.Build.0 = Debug|Any CPU
		{CDF62A66-3AC3-4561-A8D8-2B35821D3742}.Debug|x86.ActiveCfg = Debug|Any CPU
		{CDF62A66-3AC3-4561-A8D8-2B35821D3742}.Release|Any CPU.ActiveCfg = Release|Any CPU
		{CDF62A66-3AC3-4561-A8D8-2B35821D3742}.Release|Any CPU.Build.0 = Release|Any CPU
		{CDF62A66-3AC3-4561-A8D8-2B35821D3742}.Release|Mixed Platforms.ActiveCfg = Release|Any CPU
		{CDF62A66-3AC3-4561-A8D8-2B35821D3742}.Release|Mixed Platforms.Build.0 = Release|Any CPU
		{CDF62A66-3AC3-4561-A8D8-2B35821D3742}.Release|x86.ActiveCfg = Release|Any CPU
		{514F58C1-9F3D-4ED1-8355-2AC1A157CBA5}.Debug|Any CPU.ActiveCfg = Debug|Any CPU
		{514F58C1-9F3D-4ED1-8355-2AC1A157CBA5}.Debug|Any CPU.Build.0 = Debug|Any CPU
		{514F58C1-9F3D-4ED1-8355-2AC1A157CBA5}.Debug|Mixed Platforms.ActiveCfg = Debug|Any CPU
		{514F58C1-9F3D-4ED1-8355-2AC1A157CBA5}.Debug|Mixed Platforms.Build.0 = Debug|Any CPU
		{514F58C1-9F3D-4ED1-8355-2AC1A157CBA5}.Debug|x86.ActiveCfg = Debug|Any CPU
		{514F58C1-9F3D-4ED1-8355-2AC1A157CBA5}.Release|Any CPU.ActiveCfg = Release|Any CPU
		{514F58C1-9F3D-4ED1-8355-2AC1A157CBA5}.Release|Any CPU.Build.0 = Release|Any CPU
		{514F58C1-9F3D-4ED1-8355-2AC1A157CBA5}.Release|Mixed Platforms.ActiveCfg = Release|Any CPU
		{514F58C1-9F3D-4ED1-8355-2AC1A157CBA5}.Release|Mixed Platforms.Build.0 = Release|Any CPU
		{514F58C1-9F3D-4ED1-8355-2AC1A157CBA5}.Release|x86.ActiveCfg = Release|Any CPU
	EndGlobalSection
	GlobalSection(SolutionProperties) = preSolution
		HideSolutionNode = FALSE
	EndGlobalSection
	GlobalSection(TestCaseManagementSettings) = postSolution
		CategoryFile = Classes.vsmdi
	EndGlobalSection
EndGlobal
