
Microsoft Visual Studio Solution File, Format Version 12.00
# Visual Studio 14
VisualStudioVersion = 14.0.24720.0
MinimumVisualStudioVersion = 10.0.40219.1
Project("{FAE04EC0-301F-11D3-BF4B-00C04F79EFBC}") = "ComputeBound", "ComputeBound\ComputeBound.csproj", "{7E524392-8891-4A3D-AB10-5FB615073FF7}"
EndProject
Project("{FAE04EC0-301F-11D3-BF4B-00C04F79EFBC}") = "Interrupt", "Interrupt\Interrupt.csproj", "{BB1C8B97-AC08-42CD-B6E6-CA9AA3409F17}"
EndProject
Project("{FAE04EC0-301F-11D3-BF4B-00C04F79EFBC}") = "Interrupt2", "Interrupt2\Interrupt2.csproj", "{3293AF99-6262-4DA3-A305-5ABEAF750564}"
EndProject
Project("{FAE04EC0-301F-11D3-BF4B-00C04F79EFBC}") = "Synchronization", "Synchronization\Synchronization.csproj", "{255493BC-1FB4-447C-9470-EACBA0F3B722}"
EndProject
Project("{FAE04EC0-301F-11D3-BF4B-00C04F79EFBC}") = "Interrupt3", "Interrupt3\Interrupt3.csproj", "{1E52D609-63FB-4241-96D7-D523FD74F515}"
EndProject
Project("{FAE04EC0-301F-11D3-BF4B-00C04F79EFBC}") = "Interrupt4", "Interrupt4\Interrupt4.csproj", "{38F376F0-4DC4-49FD-93C8-17A664199915}"
EndProject
Global
	GlobalSection(SolutionConfigurationPlatforms) = preSolution
		Debug|Any CPU = Debug|Any CPU
		Release|Any CPU = Release|Any CPU
	EndGlobalSection
	GlobalSection(ProjectConfigurationPlatforms) = postSolution
		{7E524392-8891-4A3D-AB10-5FB615073FF7}.Debug|Any CPU.ActiveCfg = Debug|Any CPU
		{7E524392-8891-4A3D-AB10-5FB615073FF7}.Debug|Any CPU.Build.0 = Debug|Any CPU
		{7E524392-8891-4A3D-AB10-5FB615073FF7}.Release|Any CPU.ActiveCfg = Release|Any CPU
		{7E524392-8891-4A3D-AB10-5FB615073FF7}.Release|Any CPU.Build.0 = Release|Any CPU
		{BB1C8B97-AC08-42CD-B6E6-CA9AA3409F17}.Debug|Any CPU.ActiveCfg = Debug|Any CPU
		{BB1C8B97-AC08-42CD-B6E6-CA9AA3409F17}.Debug|Any CPU.Build.0 = Debug|Any CPU
		{BB1C8B97-AC08-42CD-B6E6-CA9AA3409F17}.Release|Any CPU.ActiveCfg = Release|Any CPU
		{BB1C8B97-AC08-42CD-B6E6-CA9AA3409F17}.Release|Any CPU.Build.0 = Release|Any CPU
		{3293AF99-6262-4DA3-A305-5ABEAF750564}.Debug|Any CPU.ActiveCfg = Debug|Any CPU
		{3293AF99-6262-4DA3-A305-5ABEAF750564}.Debug|Any CPU.Build.0 = Debug|Any CPU
		{3293AF99-6262-4DA3-A305-5ABEAF750564}.Release|Any CPU.ActiveCfg = Release|Any CPU
		{3293AF99-6262-4DA3-A305-5ABEAF750564}.Release|Any CPU.Build.0 = Release|Any CPU
		{255493BC-1FB4-447C-9470-EACBA0F3B722}.Debug|Any CPU.ActiveCfg = Debug|Any CPU
		{255493BC-1FB4-447C-9470-EACBA0F3B722}.Debug|Any CPU.Build.0 = Debug|Any CPU
		{255493BC-1FB4-447C-9470-EACBA0F3B722}.Release|Any CPU.ActiveCfg = Release|Any CPU
		{255493BC-1FB4-447C-9470-EACBA0F3B722}.Release|Any CPU.Build.0 = Release|Any CPU
		{1E52D609-63FB-4241-96D7-D523FD74F515}.Debug|Any CPU.ActiveCfg = Debug|Any CPU
		{1E52D609-63FB-4241-96D7-D523FD74F515}.Debug|Any CPU.Build.0 = Debug|Any CPU
		{1E52D609-63FB-4241-96D7-D523FD74F515}.Release|Any CPU.ActiveCfg = Release|Any CPU
		{1E52D609-63FB-4241-96D7-D523FD74F515}.Release|Any CPU.Build.0 = Release|Any CPU
		{38F376F0-4DC4-49FD-93C8-17A664199915}.Debug|Any CPU.ActiveCfg = Debug|Any CPU
		{38F376F0-4DC4-49FD-93C8-17A664199915}.Debug|Any CPU.Build.0 = Debug|Any CPU
		{38F376F0-4DC4-49FD-93C8-17A664199915}.Release|Any CPU.ActiveCfg = Release|Any CPU
		{38F376F0-4DC4-49FD-93C8-17A664199915}.Release|Any CPU.Build.0 = Release|Any CPU
	EndGlobalSection
	GlobalSection(SolutionProperties) = preSolution
		HideSolutionNode = FALSE
	EndGlobalSection
EndGlobal
